{
  "name": "@ai-agent-platform/phase3-runtime-integration-spike",
  "version": "0.0.0-spike.2",
  "lockfileVersion": 3,
  "requires": true,
  "packages": {
    "": {
      "name": "@ai-agent-platform/phase3-runtime-integration-spike",
      "version": "0.0.0-spike.2",
      "engines": {
        "node": ">=20 <21",
        "npm": ">=10 <11"
      }
    }
  }
}
