{
  "name": "ai-agent-platform",
  "version": "0.1.0",
  "lockfileVersion": 3,
  "requires": true,
  "packages": {
    "": {
      "name": "ai-agent-platform",
      "version": "0.1.0",
      "workspaces": [
        "apps/*",
        "packages/*",
        "capabilities/*"
      ],
      "engines": {
        "node": ">=20 <21",
        "npm": ">=10 <11"
      }
    }
  }
}
